
Microsoft Visual Studio Solution File, Format Version 12.00
# Visual Studio 15
VisualStudioVersion = 15.0.28307.1022
MinimumVisualStudioVersion = 10.0.40219.1
Project("{FAE04EC0-301F-11D3-BF4B-00C04F79EFBC}") = "Vidly", "Vidly\Vidly.csproj", "{472356B1-D3D0-486F-B356-2D6B26E66A36}"
EndProject
Project("{FAE04EC0-301F-11D3-BF4B-00C04F79EFBC}") = "Vidly.Tests", "Vidly.Tests\Vidly.Tests.csproj", "{B4486A7A-28AE-4B74-86E2-98C3F8C7038A}"
EndProject
Global
	GlobalSection(SolutionConfigurationPlatforms) = preSolution
		Debug|Any CPU = Debug|Any CPU
		Release|Any CPU = Release|Any CPU
	EndGlobalSection
	GlobalSection(ProjectConfigurationPlatforms) = postSolution
		{472356B1-D3D0-486F-B356-2D6B26E66A36}.Debug|Any CPU.ActiveCfg = Debug|Any CPU
		{472356B1-D3D0-486F-B356-2D6B26E66A36}.Debug|Any CPU.Build.0 = Debug|Any CPU
		{472356B1-D3D0-486F-B356-2D6B26E66A36}.Release|Any CPU.ActiveCfg = Release|Any CPU
		{472356B1-D3D0-486F-B356-2D6B26E66A36}.Release|Any CPU.Build.0 = Release|Any CPU
		{B4486A7A-28AE-4B74-86E2-98C3F8C7038A}.Debug|Any CPU.ActiveCfg = Debug|Any CPU
		{B4486A7A-28AE-4B74-86E2-98C3F8C7038A}.Debug|Any CPU.Build.0 = Debug|Any CPU
		{B4486A7A-28AE-4B74-86E2-98C3F8C7038A}.Release|Any CPU.ActiveCfg = Release|Any CPU
		{B4486A7A-28AE-4B74-86E2-98C3F8C7038A}.Release|Any CPU.Build.0 = Release|Any CPU
	EndGlobalSection
	GlobalSection(SolutionProperties) = preSolution
		HideSolutionNode = FALSE
	EndGlobalSection
	GlobalSection(ExtensibilityGlobals) = postSolution
		SolutionGuid = {6E42F45C-6640-4188-B1B0-C6036A822895}
	EndGlobalSection
EndGlobal
